<Solution>
  <Folder Name="/src/">
    <Project Path="src/HealthTracker.Application/HealthTracker.Application.csproj" />
    <Project Path="src/HealthTracker.Domain/HealthTracker.Domain.csproj" />
    <Project Path="src/HealthTracker.Infrastructure/HealthTracker.Infrastructure.csproj" />
    <Project Path="src/HealthTracker.Web/HealthTracker.Web.csproj" />
  </Folder>
  <Folder Name="/tests/">
    <Project Path="tests/HealthTracker.Application.Tests/HealthTracker.Application.Tests.csproj" />
  </Folder>
</Solution>
